
Microsoft Visual Studio Solution File, Format Version 10.00
# Visual C# Express 2008
Project("{FAE04EC0-301F-11D3-BF4B-00C04F79EFBC}") = "ConsoleEncoding", "ConsoleEncoding\ConsoleEncoding.csproj", "{5E6ED518-F59A-45D7-9942-A629DFD35D03}"
EndProject
Project("{FAE04EC0-301F-11D3-BF4B-00C04F79EFBC}") = "ChatServer", "ChatServer\ChatServer.csproj", "{CECAACB4-9950-4A86-84A0-53A4A9FA71A6}"
EndProject
Project("{FAE04EC0-301F-11D3-BF4B-00C04F79EFBC}") = "ChatClient", "ChatClient\ChatClient.csproj", "{A8F1F3B9-EC05-4EFE-841A-19176ED96436}"
EndProject
Global
	GlobalSection(SolutionConfigurationPlatforms) = preSolution
		Debug|Any CPU = Debug|Any CPU
		Release|Any CPU = Release|Any CPU
	EndGlobalSection
	GlobalSection(ProjectConfigurationPlatforms) = postSolution
		{5E6ED518-F59A-45D7-9942-A629DFD35D03}.Debug|Any CPU.ActiveCfg = Debug|Any CPU
		{5E6ED518-F59A-45D7-9942-A629DFD35D03}.Debug|Any CPU.Build.0 = Debug|Any CPU
		{5E6ED518-F59A-45D7-9942-A629DFD35D03}.Release|Any CPU.ActiveCfg = Release|Any CPU
		{5E6ED518-F59A-45D7-9942-A629DFD35D03}.Release|Any CPU.Build.0 = Release|Any CPU
		{CECAACB4-9950-4A86-84A0-53A4A9FA71A6}.Debug|Any CPU.ActiveCfg = Debug|Any CPU
		{CECAACB4-9950-4A86-84A0-53A4A9FA71A6}.Debug|Any CPU.Build.0 = Debug|Any CPU
		{CECAACB4-9950-4A86-84A0-53A4A9FA71A6}.Release|Any CPU.ActiveCfg = Release|Any CPU
		{CECAACB4-9950-4A86-84A0-53A4A9FA71A6}.Release|Any CPU.Build.0 = Release|Any CPU
		{A8F1F3B9-EC05-4EFE-841A-19176ED96436}.Debug|Any CPU.ActiveCfg = Debug|Any CPU
		{A8F1F3B9-EC05-4EFE-841A-19176ED96436}.Debug|Any CPU.Build.0 = Debug|Any CPU
		{A8F1F3B9-EC05-4EFE-841A-19176ED96436}.Release|Any CPU.ActiveCfg = Release|Any CPU
		{A8F1F3B9-EC05-4EFE-841A-19176ED96436}.Release|Any CPU.Build.0 = Release|Any CPU
	EndGlobalSection
	GlobalSection(SolutionProperties) = preSolution
		HideSolutionNode = FALSE
	EndGlobalSection
EndGlobal
